
Microsoft Visual Studio Solution File, Format Version 12.00
Project("{FAE04EC0-301F-11D3-BF4B-00C04F79EFBC}") = "sieci_quiz", "sieci_quiz\sieci_quiz.csproj", "{7380C4CE-74B9-4430-BCB4-F78E03FDA7FD}"
EndProject
Global
	GlobalSection(SolutionConfigurationPlatforms) = preSolution
		Debug|Any CPU = Debug|Any CPU
		Release|Any CPU = Release|Any CPU
	EndGlobalSection
	GlobalSection(ProjectConfigurationPlatforms) = postSolution
		{7380C4CE-74B9-4430-BCB4-F78E03FDA7FD}.Debug|Any CPU.ActiveCfg = Debug|Any CPU
		{7380C4CE-74B9-4430-BCB4-F78E03FDA7FD}.Debug|Any CPU.Build.0 = Debug|Any CPU
		{7380C4CE-74B9-4430-BCB4-F78E03FDA7FD}.Release|Any CPU.ActiveCfg = Release|Any CPU
		{7380C4CE-74B9-4430-BCB4-F78E03FDA7FD}.Release|Any CPU.Build.0 = Release|Any CPU
	EndGlobalSection
EndGlobal
